
Microsoft Visual Studio Solution File, Format Version 12.00
# Visual Studio Version 17
VisualStudioVersion = 17.9.34607.119
MinimumVisualStudioVersion = 10.0.40219.1
Project("{9A19103F-16F7-4668-BE54-9A1E7A4F7556}") = "ThingFormat", "ThingFormat\ThingFormat.csproj", "{8542CC21-94C2-4603-8B24-33C41E41B391}"
EndProject
Project("{9A19103F-16F7-4668-BE54-9A1E7A4F7556}") = "ThingFormatTests", "ThingFormatTests\ThingFormatTests.csproj", "{2F074BD7-AE4C-4AF5-8E78-7E7FE95D0199}"
EndProject
Project("{9A19103F-16F7-4668-BE54-9A1E7A4F7556}") = "TelegramBot", "TelegramBot\TelegramBot.csproj", "{2BD7839B-72A4-49DE-9365-7871A7BB7F8E}"
	ProjectSection(ProjectDependencies) = postProject
		{8542CC21-94C2-4603-8B24-33C41E41B391} = {8542CC21-94C2-4603-8B24-33C41E41B391}
	EndProjectSection
EndProject
Global
	GlobalSection(SolutionConfigurationPlatforms) = preSolution
		Debug|Any CPU = Debug|Any CPU
		Release|Any CPU = Release|Any CPU
	EndGlobalSection
	GlobalSection(ProjectConfigurationPlatforms) = postSolution
		{8542CC21-94C2-4603-8B24-33C41E41B391}.Debug|Any CPU.ActiveCfg = Debug|Any CPU
		{8542CC21-94C2-4603-8B24-33C41E41B391}.Debug|Any CPU.Build.0 = Debug|Any CPU
		{8542CC21-94C2-4603-8B24-33C41E41B391}.Release|Any CPU.ActiveCfg = Release|Any CPU
		{8542CC21-94C2-4603-8B24-33C41E41B391}.Release|Any CPU.Build.0 = Release|Any CPU
		{2F074BD7-AE4C-4AF5-8E78-7E7FE95D0199}.Debug|Any CPU.ActiveCfg = Debug|Any CPU
		{2F074BD7-AE4C-4AF5-8E78-7E7FE95D0199}.Debug|Any CPU.Build.0 = Debug|Any CPU
		{2F074BD7-AE4C-4AF5-8E78-7E7FE95D0199}.Release|Any CPU.ActiveCfg = Release|Any CPU
		{2F074BD7-AE4C-4AF5-8E78-7E7FE95D0199}.Release|Any CPU.Build.0 = Release|Any CPU
		{2BD7839B-72A4-49DE-9365-7871A7BB7F8E}.Debug|Any CPU.ActiveCfg = Debug|Any CPU
		{2BD7839B-72A4-49DE-9365-7871A7BB7F8E}.Debug|Any CPU.Build.0 = Debug|Any CPU
		{2BD7839B-72A4-49DE-9365-7871A7BB7F8E}.Release|Any CPU.ActiveCfg = Release|Any CPU
		{2BD7839B-72A4-49DE-9365-7871A7BB7F8E}.Release|Any CPU.Build.0 = Release|Any CPU
	EndGlobalSection
	GlobalSection(SolutionProperties) = preSolution
		HideSolutionNode = FALSE
	EndGlobalSection
	GlobalSection(ExtensibilityGlobals) = postSolution
		SolutionGuid = {F08341B0-3715-48ED-8734-B0C2217BA1BC}
	EndGlobalSection
EndGlobal
